
Microsoft Visual Studio Solution File, Format Version 12.00
# Visual Studio Version 16
VisualStudioVersion = 16.0.33927.289
MinimumVisualStudioVersion = 10.0.40219.1
Project("{2150E333-8FDC-42A3-9474-1A3956D46DE8}") = "Task0", "Task0", "{8B6F358B-65B0-48F8-B9C6-66B35FD43883}"
EndProject
Project("{FAE04EC0-301F-11D3-BF4B-00C04F79EFBC}") = "Tyuiu.PyanzinaMA.Sprint6.Task0.V7.Lib", "Tyuiu.PyanzinaMA.Sprint6.Task0.V7.Lib\Tyuiu.PyanzinaMA.Sprint6.Task0.V7.Lib.csproj", "{3FCB0012-9D13-4EEE-8045-62ABF39B1CD5}"
EndProject
Project("{FAE04EC0-301F-11D3-BF4B-00C04F79EFBC}") = "Tyuiu.PyanzinaMA.Sprint6.Task0.V7.Test", "Tyuiu.PyanzinaMA.Sprint6.Task0.V7.Test\Tyuiu.PyanzinaMA.Sprint6.Task0.V7.Test.csproj", "{6A97907C-5AD7-439E-81B7-9667FE772AC5}"
EndProject
Project("{2150E333-8FDC-42A3-9474-1A3956D46DE8}") = "Task1", "Task1", "{751FD6A0-E168-41C3-84E3-0E901343D250}"
EndProject
Project("{2150E333-8FDC-42A3-9474-1A3956D46DE8}") = "Task2", "Task2", "{321CEEE0-4F4D-480C-B36E-911A940A7A03}"
EndProject
Project("{2150E333-8FDC-42A3-9474-1A3956D46DE8}") = "Task3", "Task3", "{57AF2B38-4651-4A9F-A27A-2BCC7FAD12EC}"
EndProject
Project("{FAE04EC0-301F-11D3-BF4B-00C04F79EFBC}") = "Tyuiu.PyanzinaMA.Sprint6.Task0.V7", "Tyuiu.PyanzinaMA.Sprint6.Task0.V7\Tyuiu.PyanzinaMA.Sprint6.Task0.V7.csproj", "{600AC689-FE58-4740-A01A-811DF17481E9}"
EndProject
Project("{FAE04EC0-301F-11D3-BF4B-00C04F79EFBC}") = "Tyuiu.PyanzinaMA.Sprint6.Task1.V26.Lib", "Tyuiu.PyanzinaMA.Sprint6.Task1.V26.Lib\Tyuiu.PyanzinaMA.Sprint6.Task1.V26.Lib.csproj", "{C380C7B4-B314-4A81-B7F4-3B84798557B7}"
EndProject
Project("{FAE04EC0-301F-11D3-BF4B-00C04F79EFBC}") = "Tyuiu.PyanzinaMA.Sprint6.Task1.V26.Test", "Tyuiu.PyanzinaMA.Sprint6.Task1.V26.Test\Tyuiu.PyanzinaMA.Sprint6.Task1.V26.Test.csproj", "{183C1559-AF7E-416A-8136-3104FEC3A067}"
EndProject
Project("{FAE04EC0-301F-11D3-BF4B-00C04F79EFBC}") = "Tyuiu.PyanzinaMA.Sprint6.Task1.V26", "Tyuiu.PyanzinaMA.Sprint6.Task1.V26\Tyuiu.PyanzinaMA.Sprint6.Task1.V26.csproj", "{22185D2F-6AEE-49C1-88CC-1F81638327E5}"
EndProject
Project("{FAE04EC0-301F-11D3-BF4B-00C04F79EFBC}") = "Tyuiu.PyanzinaMA.Sprint6.Task2.V20.Lib", "Tyuiu.PyanzinaMA.Sprint6.Task2.V20.Lib\Tyuiu.PyanzinaMA.Sprint6.Task2.V20.Lib.csproj", "{185786B5-0496-4B77-B62C-115F1EA2D336}"
EndProject
Project("{FAE04EC0-301F-11D3-BF4B-00C04F79EFBC}") = "Tyuiu.PyanzinaMA.Sprint6.Task2.V20.Test", "Tyuiu.PyanzinaMA.Sprint6.Task2.V20.Test\Tyuiu.PyanzinaMA.Sprint6.Task2.V20.Test.csproj", "{855C3106-A5F3-48D7-831B-5F8D09FB88A3}"
EndProject
Project("{FAE04EC0-301F-11D3-BF4B-00C04F79EFBC}") = "Tyuiu.PyanzinaMA.Sprint6.Task2.V20", "Tyuiu.PyanzinaMA.Sprint6.Task2.V20\Tyuiu.PyanzinaMA.Sprint6.Task2.V20.csproj", "{FE946FF8-0272-4F3E-9683-2E27459289F9}"
EndProject
Global
	GlobalSection(SolutionConfigurationPlatforms) = preSolution
		Debug|Any CPU = Debug|Any CPU
		Release|Any CPU = Release|Any CPU
	EndGlobalSection
	GlobalSection(ProjectConfigurationPlatforms) = postSolution
		{3FCB0012-9D13-4EEE-8045-62ABF39B1CD5}.Debug|Any CPU.ActiveCfg = Debug|Any CPU
		{3FCB0012-9D13-4EEE-8045-62ABF39B1CD5}.Debug|Any CPU.Build.0 = Debug|Any CPU
		{3FCB0012-9D13-4EEE-8045-62ABF39B1CD5}.Release|Any CPU.ActiveCfg = Release|Any CPU
		{3FCB0012-9D13-4EEE-8045-62ABF39B1CD5}.Release|Any CPU.Build.0 = Release|Any CPU
		{6A97907C-5AD7-439E-81B7-9667FE772AC5}.Debug|Any CPU.ActiveCfg = Debug|Any CPU
		{6A97907C-5AD7-439E-81B7-9667FE772AC5}.Debug|Any CPU.Build.0 = Debug|Any CPU
		{6A97907C-5AD7-439E-81B7-9667FE772AC5}.Release|Any CPU.ActiveCfg = Release|Any CPU
		{6A97907C-5AD7-439E-81B7-9667FE772AC5}.Release|Any CPU.Build.0 = Release|Any CPU
		{600AC689-FE58-4740-A01A-811DF17481E9}.Debug|Any CPU.ActiveCfg = Debug|Any CPU
		{600AC689-FE58-4740-A01A-811DF17481E9}.Debug|Any CPU.Build.0 = Debug|Any CPU
		{600AC689-FE58-4740-A01A-811DF17481E9}.Release|Any CPU.ActiveCfg = Release|Any CPU
		{600AC689-FE58-4740-A01A-811DF17481E9}.Release|Any CPU.Build.0 = Release|Any CPU
		{C380C7B4-B314-4A81-B7F4-3B84798557B7}.Debug|Any CPU.ActiveCfg = Debug|Any CPU
		{C380C7B4-B314-4A81-B7F4-3B84798557B7}.Debug|Any CPU.Build.0 = Debug|Any CPU
		{C380C7B4-B314-4A81-B7F4-3B84798557B7}.Release|Any CPU.ActiveCfg = Release|Any CPU
		{C380C7B4-B314-4A81-B7F4-3B84798557B7}.Release|Any CPU.Build.0 = Release|Any CPU
		{183C1559-AF7E-416A-8136-3104FEC3A067}.Debug|Any CPU.ActiveCfg = Debug|Any CPU
		{183C1559-AF7E-416A-8136-3104FEC3A067}.Debug|Any CPU.Build.0 = Debug|Any CPU
		{183C1559-AF7E-416A-8136-3104FEC3A067}.Release|Any CPU.ActiveCfg = Release|Any CPU
		{183C1559-AF7E-416A-8136-3104FEC3A067}.Release|Any CPU.Build.0 = Release|Any CPU
		{22185D2F-6AEE-49C1-88CC-1F81638327E5}.Debug|Any CPU.ActiveCfg = Debug|Any CPU
		{22185D2F-6AEE-49C1-88CC-1F81638327E5}.Debug|Any CPU.Build.0 = Debug|Any CPU
		{22185D2F-6AEE-49C1-88CC-1F81638327E5}.Release|Any CPU.ActiveCfg = Release|Any CPU
		{22185D2F-6AEE-49C1-88CC-1F81638327E5}.Release|Any CPU.Build.0 = Release|Any CPU
		{185786B5-0496-4B77-B62C-115F1EA2D336}.Debug|Any CPU.ActiveCfg = Debug|Any CPU
		{185786B5-0496-4B77-B62C-115F1EA2D336}.Debug|Any CPU.Build.0 = Debug|Any CPU
		{185786B5-0496-4B77-B62C-115F1EA2D336}.Release|Any CPU.ActiveCfg = Release|Any CPU
		{185786B5-0496-4B77-B62C-115F1EA2D336}.Release|Any CPU.Build.0 = Release|Any CPU
		{855C3106-A5F3-48D7-831B-5F8D09FB88A3}.Debug|Any CPU.ActiveCfg = Debug|Any CPU
		{855C3106-A5F3-48D7-831B-5F8D09FB88A3}.Debug|Any CPU.Build.0 = Debug|Any CPU
		{855C3106-A5F3-48D7-831B-5F8D09FB88A3}.Release|Any CPU.ActiveCfg = Release|Any CPU
		{855C3106-A5F3-48D7-831B-5F8D09FB88A3}.Release|Any CPU.Build.0 = Release|Any CPU
		{FE946FF8-0272-4F3E-9683-2E27459289F9}.Debug|Any CPU.ActiveCfg = Debug|Any CPU
		{FE946FF8-0272-4F3E-9683-2E27459289F9}.Debug|Any CPU.Build.0 = Debug|Any CPU
		{FE946FF8-0272-4F3E-9683-2E27459289F9}.Release|Any CPU.ActiveCfg = Release|Any CPU
		{FE946FF8-0272-4F3E-9683-2E27459289F9}.Release|Any CPU.Build.0 = Release|Any CPU
	EndGlobalSection
	GlobalSection(SolutionProperties) = preSolution
		HideSolutionNode = FALSE
	EndGlobalSection
	GlobalSection(NestedProjects) = preSolution
		{3FCB0012-9D13-4EEE-8045-62ABF39B1CD5} = {8B6F358B-65B0-48F8-B9C6-66B35FD43883}
		{6A97907C-5AD7-439E-81B7-9667FE772AC5} = {8B6F358B-65B0-48F8-B9C6-66B35FD43883}
		{600AC689-FE58-4740-A01A-811DF17481E9} = {8B6F358B-65B0-48F8-B9C6-66B35FD43883}
		{C380C7B4-B314-4A81-B7F4-3B84798557B7} = {751FD6A0-E168-41C3-84E3-0E901343D250}
		{183C1559-AF7E-416A-8136-3104FEC3A067} = {751FD6A0-E168-41C3-84E3-0E901343D250}
		{22185D2F-6AEE-49C1-88CC-1F81638327E5} = {751FD6A0-E168-41C3-84E3-0E901343D250}
		{185786B5-0496-4B77-B62C-115F1EA2D336} = {321CEEE0-4F4D-480C-B36E-911A940A7A03}
		{855C3106-A5F3-48D7-831B-5F8D09FB88A3} = {321CEEE0-4F4D-480C-B36E-911A940A7A03}
		{FE946FF8-0272-4F3E-9683-2E27459289F9} = {321CEEE0-4F4D-480C-B36E-911A940A7A03}
	EndGlobalSection
	GlobalSection(ExtensibilityGlobals) = postSolution
		SolutionGuid = {B1501CF1-195A-46F9-8E9D-7F8E114AF1C7}
	EndGlobalSection
EndGlobal
