
Microsoft Visual Studio Solution File, Format Version 12.00
# Visual Studio Version 16
VisualStudioVersion = 16.0.33927.289
MinimumVisualStudioVersion = 10.0.40219.1
Project("{2150E333-8FDC-42A3-9474-1A3956D46DE8}") = "Task0", "Task0", "{8B6F358B-65B0-48F8-B9C6-66B35FD43883}"
EndProject
Project("{FAE04EC0-301F-11D3-BF4B-00C04F79EFBC}") = "Tyuiu.PyanzinaMA.Sprint6.Task0.V7.Lib", "Tyuiu.PyanzinaMA.Sprint6.Task0.V7.Lib\Tyuiu.PyanzinaMA.Sprint6.Task0.V7.Lib.csproj", "{3FCB0012-9D13-4EEE-8045-62ABF39B1CD5}"
EndProject
Project("{FAE04EC0-301F-11D3-BF4B-00C04F79EFBC}") = "Tyuiu.PyanzinaMA.Sprint6.Task0.V7.Test", "Tyuiu.PyanzinaMA.Sprint6.Task0.V7.Test\Tyuiu.PyanzinaMA.Sprint6.Task0.V7.Test.csproj", "{6A97907C-5AD7-439E-81B7-9667FE772AC5}"
EndProject
Project("{2150E333-8FDC-42A3-9474-1A3956D46DE8}") = "Task1", "Task1", "{751FD6A0-E168-41C3-84E3-0E901343D250}"
EndProject
Project("{2150E333-8FDC-42A3-9474-1A3956D46DE8}") = "Task2", "Task2", "{321CEEE0-4F4D-480C-B36E-911A940A7A03}"
EndProject
Project("{2150E333-8FDC-42A3-9474-1A3956D46DE8}") = "Task3", "Task3", "{57AF2B38-4651-4A9F-A27A-2BCC7FAD12EC}"
EndProject
Project("{FAE04EC0-301F-11D3-BF4B-00C04F79EFBC}") = "Tyuiu.PyanzinaMA.Sprint6.Task0.V7", "Tyuiu.PyanzinaMA.Sprint6.Task0.V7\Tyuiu.PyanzinaMA.Sprint6.Task0.V7.csproj", "{600AC689-FE58-4740-A01A-811DF17481E9}"
EndProject
Project("{FAE04EC0-301F-11D3-BF4B-00C04F79EFBC}") = "Tyuiu.PyanzinaMA.Sprint6.Task1.V26.Lib", "Tyuiu.PyanzinaMA.Sprint6.Task1.V26.Lib\Tyuiu.PyanzinaMA.Sprint6.Task1.V26.Lib.csproj", "{C380C7B4-B314-4A81-B7F4-3B84798557B7}"
EndProject
Project("{FAE04EC0-301F-11D3-BF4B-00C04F79EFBC}") = "Tyuiu.PyanzinaMA.Sprint6.Task1.V26.Test", "Tyuiu.PyanzinaMA.Sprint6.Task1.V26.Test\Tyuiu.PyanzinaMA.Sprint6.Task1.V26.Test.csproj", "{183C1559-AF7E-416A-8136-3104FEC3A067}"
EndProject
Project("{FAE04EC0-301F-11D3-BF4B-00C04F79EFBC}") = "Tyuiu.PyanzinaMA.Sprint6.Task1.V26", "Tyuiu.PyanzinaMA.Sprint6.Task1.V26\Tyuiu.PyanzinaMA.Sprint6.Task1.V26.csproj", "{22185D2F-6AEE-49C1-88CC-1F81638327E5}"
EndProject
Project("{FAE04EC0-301F-11D3-BF4B-00C04F79EFBC}") = "Tyuiu.PyanzinaMA.Sprint6.Task2.V20.Lib", "Tyuiu.PyanzinaMA.Sprint6.Task2.V20.Lib\Tyuiu.PyanzinaMA.Sprint6.Task2.V20.Lib.csproj", "{185786B5-0496-4B77-B62C-115F1EA2D336}"
EndProject
Project("{FAE04EC0-301F-11D3-BF4B-00C04F79EFBC}") = "Tyuiu.PyanzinaMA.Sprint6.Task2.V20.Test", "Tyuiu.PyanzinaMA.Sprint6.Task2.V20.Test\Tyuiu.PyanzinaMA.Sprint6.Task2.V20.Test.csproj", "{855C3106-A5F3-48D7-831B-5F8D09FB88A3}"
EndProject
Project("{FAE04EC0-301F-11D3-BF4B-00C04F79EFBC}") = "Tyuiu.PyanzinaMA.Sprint6.Task2.V20", "Tyuiu.PyanzinaMA.Sprint6.Task2.V20\Tyuiu.PyanzinaMA.Sprint6.Task2.V20.csproj", "{FE946FF8-0272-4F3E-9683-2E27459289F9}"
EndProject
Project("{FAE04EC0-301F-11D3-BF4B-00C04F79EFBC}") = "Tyuiu.PyanzinaMA.Sprint6.Task3.V10.Lib", "Tyuiu.PyanzinaMA.Sprint6.Task3.V10.Lib\Tyuiu.PyanzinaMA.Sprint6.Task3.V10.Lib.csproj", "{C1942900-9385-4168-8C0C-7D22C8236A22}"
EndProject
Project("{FAE04EC0-301F-11D3-BF4B-00C04F79EFBC}") = "Tyuiu.PyanzinaMA.Sprint6.Task3.V10.Test", "Tyuiu.PyanzinaMA.Sprint6.Task3.V10.Test\Tyuiu.PyanzinaMA.Sprint6.Task3.V10.Test.csproj", "{C53A7076-0710-4BCF-8DE2-B445F3235A88}"
EndProject
Project("{FAE04EC0-301F-11D3-BF4B-00C04F79EFBC}") = "Tyuiu.PyanzinaMA.Sprint6.Task3.V10", "Tyuiu.PyanzinaMA.Sprint6.Task3.V10\Tyuiu.PyanzinaMA.Sprint6.Task3.V10.csproj", "{542D891C-ED55-4FE8-A13B-1A7373F83FFF}"
EndProject
Project("{2150E333-8FDC-42A3-9474-1A3956D46DE8}") = "NewFolder1", "NewFolder1", "{513328FF-1D4B-4C39-B84A-6320A92C5A53}"
EndProject
Project("{2150E333-8FDC-42A3-9474-1A3956D46DE8}") = "NewFolder2", "NewFolder2", "{79757988-8875-4E38-B6F3-A0EB01276931}"
EndProject
Project("{FAE04EC0-301F-11D3-BF4B-00C04F79EFBC}") = "Tyuiu.PyanzinaMA.Sprint6.Task4.V13.Lib", "Tyuiu.PyanzinaMA.Sprint6.Task4.V13.Lib\Tyuiu.PyanzinaMA.Sprint6.Task4.V13.Lib.csproj", "{11BD3B1B-B4F3-4940-8316-DAAB039EA402}"
EndProject
Project("{FAE04EC0-301F-11D3-BF4B-00C04F79EFBC}") = "Tyuiu.PyanzinaMA.Sprint6.Task4.V13.Test", "Tyuiu.PyanzinaMA.Sprint6.Task4.V13.Test\Tyuiu.PyanzinaMA.Sprint6.Task4.V13.Test.csproj", "{58F51941-BF72-4A99-998F-8A42F89618D1}"
EndProject
Project("{FAE04EC0-301F-11D3-BF4B-00C04F79EFBC}") = "Tyuiu.PyanzinaMA.Sprint6.Task5.V28.Lib", "Tyuiu.PyanzinaMA.Sprint6.Task5.V28.Lib\Tyuiu.PyanzinaMA.Sprint6.Task5.V28.Lib.csproj", "{71C35E09-B2DC-4D0F-9880-BBFD2EDD8709}"
EndProject
Project("{FAE04EC0-301F-11D3-BF4B-00C04F79EFBC}") = "Tyuiu.PyanzinaMA.Sprint6.Task5.V28.Test", "Tyuiu.PyanzinaMA.Sprint6.Task5.V28.Test\Tyuiu.PyanzinaMA.Sprint6.Task5.V28.Test.csproj", "{008F89BF-CFA2-44DE-B2E8-D4F83AF0BD8E}"
EndProject
Project("{2150E333-8FDC-42A3-9474-1A3956D46DE8}") = "NewFolder3", "NewFolder3", "{70856532-39F2-4D5D-BE66-36AA10C21107}"
EndProject
Project("{FAE04EC0-301F-11D3-BF4B-00C04F79EFBC}") = "Tyuiu.PyanzinaMA.Sprint6.Task6.V20.Lib", "Tyuiu.PyanzinaMA.Sprint6.Task6.V20.Lib\Tyuiu.PyanzinaMA.Sprint6.Task6.V20.Lib.csproj", "{437182A4-0278-48EC-BBF8-2A7EBE8BC31E}"
EndProject
Project("{FAE04EC0-301F-11D3-BF4B-00C04F79EFBC}") = "Tyuiu.PyanzinaMA.Sprint6.Task6.V20.Test", "Tyuiu.PyanzinaMA.Sprint6.Task6.V20.Test\Tyuiu.PyanzinaMA.Sprint6.Task6.V20.Test.csproj", "{3CBD7B01-F14A-466E-91B8-7BB2E4830A86}"
EndProject
Project("{2150E333-8FDC-42A3-9474-1A3956D46DE8}") = "NewFolder4", "NewFolder4", "{5F301FB1-5674-4D35-B12D-046005726079}"
EndProject
Project("{FAE04EC0-301F-11D3-BF4B-00C04F79EFBC}") = "Tyuiu.PyanzinaMA.Sprint6.Task7.V30.Lib", "Tyuiu.PyanzinaMA.Sprint6.Task7.V30.Lib\Tyuiu.PyanzinaMA.Sprint6.Task7.V30.Lib.csproj", "{9970394B-E916-41AC-8AD3-6B886D35D531}"
EndProject
Project("{FAE04EC0-301F-11D3-BF4B-00C04F79EFBC}") = "Tyuiu.PyanzinaMA.Sprint6.Task7.V30.Test", "Tyuiu.PyanzinaMA.Sprint6.Task7.V30.Test\Tyuiu.PyanzinaMA.Sprint6.Task7.V30.Test.csproj", "{B432FA20-FD06-4237-BC5D-997EBB20D7EA}"
EndProject
Project("{FAE04EC0-301F-11D3-BF4B-00C04F79EFBC}") = "Tyuiu.PyanzinaMA.Sprint6.Task5.V28", "Tyuiu.PyanzinaMA.Sprint6.Task5.V28\Tyuiu.PyanzinaMA.Sprint6.Task5.V28.csproj", "{301B8C61-B4F4-4F86-A03A-92359D668812}"
EndProject
Project("{FAE04EC0-301F-11D3-BF4B-00C04F79EFBC}") = "Tyuiu.PyanzinaMA.Sprint6.Task6.V20", "Tyuiu.PyanzinaMA.Sprint6.Task6.V20\Tyuiu.PyanzinaMA.Sprint6.Task6.V20.csproj", "{1B639302-445E-4497-9C1A-2F73FA552440}"
EndProject
Project("{FAE04EC0-301F-11D3-BF4B-00C04F79EFBC}") = "Tyuiu.PyanzinaMA.Sprint6.Task7.V30", "Tyuiu.PyanzinaMA.Sprint6.Task7.V30\Tyuiu.PyanzinaMA.Sprint6.Task7.V30.csproj", "{6139B2B5-2A56-4DBE-B334-F17E28C32E07}"
EndProject
Project("{FAE04EC0-301F-11D3-BF4B-00C04F79EFBC}") = "Tyuiu.PyanzinaMA.Sprint6.Task4.V13", "Tyuiu.PyanzinaMA.Sprint6.Task4.V13\Tyuiu.PyanzinaMA.Sprint6.Task4.V13.csproj", "{3E4B079D-2FEB-4B3A-97F3-36BE4E4BF4AE}"
EndProject
Global
	GlobalSection(SolutionConfigurationPlatforms) = preSolution
		Debug|Any CPU = Debug|Any CPU
		Release|Any CPU = Release|Any CPU
	EndGlobalSection
	GlobalSection(ProjectConfigurationPlatforms) = postSolution
		{3FCB0012-9D13-4EEE-8045-62ABF39B1CD5}.Debug|Any CPU.ActiveCfg = Debug|Any CPU
		{3FCB0012-9D13-4EEE-8045-62ABF39B1CD5}.Debug|Any CPU.Build.0 = Debug|Any CPU
		{3FCB0012-9D13-4EEE-8045-62ABF39B1CD5}.Release|Any CPU.ActiveCfg = Release|Any CPU
		{3FCB0012-9D13-4EEE-8045-62ABF39B1CD5}.Release|Any CPU.Build.0 = Release|Any CPU
		{6A97907C-5AD7-439E-81B7-9667FE772AC5}.Debug|Any CPU.ActiveCfg = Debug|Any CPU
		{6A97907C-5AD7-439E-81B7-9667FE772AC5}.Debug|Any CPU.Build.0 = Debug|Any CPU
		{6A97907C-5AD7-439E-81B7-9667FE772AC5}.Release|Any CPU.ActiveCfg = Release|Any CPU
		{6A97907C-5AD7-439E-81B7-9667FE772AC5}.Release|Any CPU.Build.0 = Release|Any CPU
		{600AC689-FE58-4740-A01A-811DF17481E9}.Debug|Any CPU.ActiveCfg = Debug|Any CPU
		{600AC689-FE58-4740-A01A-811DF17481E9}.Debug|Any CPU.Build.0 = Debug|Any CPU
		{600AC689-FE58-4740-A01A-811DF17481E9}.Release|Any CPU.ActiveCfg = Release|Any CPU
		{600AC689-FE58-4740-A01A-811DF17481E9}.Release|Any CPU.Build.0 = Release|Any CPU
		{C380C7B4-B314-4A81-B7F4-3B84798557B7}.Debug|Any CPU.ActiveCfg = Debug|Any CPU
		{C380C7B4-B314-4A81-B7F4-3B84798557B7}.Debug|Any CPU.Build.0 = Debug|Any CPU
		{C380C7B4-B314-4A81-B7F4-3B84798557B7}.Release|Any CPU.ActiveCfg = Release|Any CPU
		{C380C7B4-B314-4A81-B7F4-3B84798557B7}.Release|Any CPU.Build.0 = Release|Any CPU
		{183C1559-AF7E-416A-8136-3104FEC3A067}.Debug|Any CPU.ActiveCfg = Debug|Any CPU
		{183C1559-AF7E-416A-8136-3104FEC3A067}.Debug|Any CPU.Build.0 = Debug|Any CPU
		{183C1559-AF7E-416A-8136-3104FEC3A067}.Release|Any CPU.ActiveCfg = Release|Any CPU
		{183C1559-AF7E-416A-8136-3104FEC3A067}.Release|Any CPU.Build.0 = Release|Any CPU
		{22185D2F-6AEE-49C1-88CC-1F81638327E5}.Debug|Any CPU.ActiveCfg = Debug|Any CPU
		{22185D2F-6AEE-49C1-88CC-1F81638327E5}.Debug|Any CPU.Build.0 = Debug|Any CPU
		{22185D2F-6AEE-49C1-88CC-1F81638327E5}.Release|Any CPU.ActiveCfg = Release|Any CPU
		{22185D2F-6AEE-49C1-88CC-1F81638327E5}.Release|Any CPU.Build.0 = Release|Any CPU
		{185786B5-0496-4B77-B62C-115F1EA2D336}.Debug|Any CPU.ActiveCfg = Debug|Any CPU
		{185786B5-0496-4B77-B62C-115F1EA2D336}.Debug|Any CPU.Build.0 = Debug|Any CPU
		{185786B5-0496-4B77-B62C-115F1EA2D336}.Release|Any CPU.ActiveCfg = Release|Any CPU
		{185786B5-0496-4B77-B62C-115F1EA2D336}.Release|Any CPU.Build.0 = Release|Any CPU
		{855C3106-A5F3-48D7-831B-5F8D09FB88A3}.Debug|Any CPU.ActiveCfg = Debug|Any CPU
		{855C3106-A5F3-48D7-831B-5F8D09FB88A3}.Debug|Any CPU.Build.0 = Debug|Any CPU
		{855C3106-A5F3-48D7-831B-5F8D09FB88A3}.Release|Any CPU.ActiveCfg = Release|Any CPU
		{855C3106-A5F3-48D7-831B-5F8D09FB88A3}.Release|Any CPU.Build.0 = Release|Any CPU
		{FE946FF8-0272-4F3E-9683-2E27459289F9}.Debug|Any CPU.ActiveCfg = Debug|Any CPU
		{FE946FF8-0272-4F3E-9683-2E27459289F9}.Debug|Any CPU.Build.0 = Debug|Any CPU
		{FE946FF8-0272-4F3E-9683-2E27459289F9}.Release|Any CPU.ActiveCfg = Release|Any CPU
		{FE946FF8-0272-4F3E-9683-2E27459289F9}.Release|Any CPU.Build.0 = Release|Any CPU
		{C1942900-9385-4168-8C0C-7D22C8236A22}.Debug|Any CPU.ActiveCfg = Debug|Any CPU
		{C1942900-9385-4168-8C0C-7D22C8236A22}.Debug|Any CPU.Build.0 = Debug|Any CPU
		{C1942900-9385-4168-8C0C-7D22C8236A22}.Release|Any CPU.ActiveCfg = Release|Any CPU
		{C1942900-9385-4168-8C0C-7D22C8236A22}.Release|Any CPU.Build.0 = Release|Any CPU
		{C53A7076-0710-4BCF-8DE2-B445F3235A88}.Debug|Any CPU.ActiveCfg = Debug|Any CPU
		{C53A7076-0710-4BCF-8DE2-B445F3235A88}.Debug|Any CPU.Build.0 = Debug|Any CPU
		{C53A7076-0710-4BCF-8DE2-B445F3235A88}.Release|Any CPU.ActiveCfg = Release|Any CPU
		{C53A7076-0710-4BCF-8DE2-B445F3235A88}.Release|Any CPU.Build.0 = Release|Any CPU
		{542D891C-ED55-4FE8-A13B-1A7373F83FFF}.Debug|Any CPU.ActiveCfg = Debug|Any CPU
		{542D891C-ED55-4FE8-A13B-1A7373F83FFF}.Debug|Any CPU.Build.0 = Debug|Any CPU
		{542D891C-ED55-4FE8-A13B-1A7373F83FFF}.Release|Any CPU.ActiveCfg = Release|Any CPU
		{542D891C-ED55-4FE8-A13B-1A7373F83FFF}.Release|Any CPU.Build.0 = Release|Any CPU
		{11BD3B1B-B4F3-4940-8316-DAAB039EA402}.Debug|Any CPU.ActiveCfg = Debug|Any CPU
		{11BD3B1B-B4F3-4940-8316-DAAB039EA402}.Debug|Any CPU.Build.0 = Debug|Any CPU
		{11BD3B1B-B4F3-4940-8316-DAAB039EA402}.Release|Any CPU.ActiveCfg = Release|Any CPU
		{11BD3B1B-B4F3-4940-8316-DAAB039EA402}.Release|Any CPU.Build.0 = Release|Any CPU
		{58F51941-BF72-4A99-998F-8A42F89618D1}.Debug|Any CPU.ActiveCfg = Debug|Any CPU
		{58F51941-BF72-4A99-998F-8A42F89618D1}.Debug|Any CPU.Build.0 = Debug|Any CPU
		{58F51941-BF72-4A99-998F-8A42F89618D1}.Release|Any CPU.ActiveCfg = Release|Any CPU
		{58F51941-BF72-4A99-998F-8A42F89618D1}.Release|Any CPU.Build.0 = Release|Any CPU
		{71C35E09-B2DC-4D0F-9880-BBFD2EDD8709}.Debug|Any CPU.ActiveCfg = Debug|Any CPU
		{71C35E09-B2DC-4D0F-9880-BBFD2EDD8709}.Debug|Any CPU.Build.0 = Debug|Any CPU
		{71C35E09-B2DC-4D0F-9880-BBFD2EDD8709}.Release|Any CPU.ActiveCfg = Release|Any CPU
		{71C35E09-B2DC-4D0F-9880-BBFD2EDD8709}.Release|Any CPU.Build.0 = Release|Any CPU
		{008F89BF-CFA2-44DE-B2E8-D4F83AF0BD8E}.Debug|Any CPU.ActiveCfg = Debug|Any CPU
		{008F89BF-CFA2-44DE-B2E8-D4F83AF0BD8E}.Debug|Any CPU.Build.0 = Debug|Any CPU
		{008F89BF-CFA2-44DE-B2E8-D4F83AF0BD8E}.Release|Any CPU.ActiveCfg = Release|Any CPU
		{008F89BF-CFA2-44DE-B2E8-D4F83AF0BD8E}.Release|Any CPU.Build.0 = Release|Any CPU
		{437182A4-0278-48EC-BBF8-2A7EBE8BC31E}.Debug|Any CPU.ActiveCfg = Debug|Any CPU
		{437182A4-0278-48EC-BBF8-2A7EBE8BC31E}.Debug|Any CPU.Build.0 = Debug|Any CPU
		{437182A4-0278-48EC-BBF8-2A7EBE8BC31E}.Release|Any CPU.ActiveCfg = Release|Any CPU
		{437182A4-0278-48EC-BBF8-2A7EBE8BC31E}.Release|Any CPU.Build.0 = Release|Any CPU
		{3CBD7B01-F14A-466E-91B8-7BB2E4830A86}.Debug|Any CPU.ActiveCfg = Debug|Any CPU
		{3CBD7B01-F14A-466E-91B8-7BB2E4830A86}.Debug|Any CPU.Build.0 = Debug|Any CPU
		{3CBD7B01-F14A-466E-91B8-7BB2E4830A86}.Release|Any CPU.ActiveCfg = Release|Any CPU
		{3CBD7B01-F14A-466E-91B8-7BB2E4830A86}.Release|Any CPU.Build.0 = Release|Any CPU
		{9970394B-E916-41AC-8AD3-6B886D35D531}.Debug|Any CPU.ActiveCfg = Debug|Any CPU
		{9970394B-E916-41AC-8AD3-6B886D35D531}.Debug|Any CPU.Build.0 = Debug|Any CPU
		{9970394B-E916-41AC-8AD3-6B886D35D531}.Release|Any CPU.ActiveCfg = Release|Any CPU
		{9970394B-E916-41AC-8AD3-6B886D35D531}.Release|Any CPU.Build.0 = Release|Any CPU
		{B432FA20-FD06-4237-BC5D-997EBB20D7EA}.Debug|Any CPU.ActiveCfg = Debug|Any CPU
		{B432FA20-FD06-4237-BC5D-997EBB20D7EA}.Debug|Any CPU.Build.0 = Debug|Any CPU
		{B432FA20-FD06-4237-BC5D-997EBB20D7EA}.Release|Any CPU.ActiveCfg = Release|Any CPU
		{B432FA20-FD06-4237-BC5D-997EBB20D7EA}.Release|Any CPU.Build.0 = Release|Any CPU
		{301B8C61-B4F4-4F86-A03A-92359D668812}.Debug|Any CPU.ActiveCfg = Debug|Any CPU
		{301B8C61-B4F4-4F86-A03A-92359D668812}.Debug|Any CPU.Build.0 = Debug|Any CPU
		{301B8C61-B4F4-4F86-A03A-92359D668812}.Release|Any CPU.ActiveCfg = Release|Any CPU
		{301B8C61-B4F4-4F86-A03A-92359D668812}.Release|Any CPU.Build.0 = Release|Any CPU
		{1B639302-445E-4497-9C1A-2F73FA552440}.Debug|Any CPU.ActiveCfg = Debug|Any CPU
		{1B639302-445E-4497-9C1A-2F73FA552440}.Debug|Any CPU.Build.0 = Debug|Any CPU
		{1B639302-445E-4497-9C1A-2F73FA552440}.Release|Any CPU.ActiveCfg = Release|Any CPU
		{1B639302-445E-4497-9C1A-2F73FA552440}.Release|Any CPU.Build.0 = Release|Any CPU
		{6139B2B5-2A56-4DBE-B334-F17E28C32E07}.Debug|Any CPU.ActiveCfg = Debug|Any CPU
		{6139B2B5-2A56-4DBE-B334-F17E28C32E07}.Debug|Any CPU.Build.0 = Debug|Any CPU
		{6139B2B5-2A56-4DBE-B334-F17E28C32E07}.Release|Any CPU.ActiveCfg = Release|Any CPU
		{6139B2B5-2A56-4DBE-B334-F17E28C32E07}.Release|Any CPU.Build.0 = Release|Any CPU
		{3E4B079D-2FEB-4B3A-97F3-36BE4E4BF4AE}.Debug|Any CPU.ActiveCfg = Debug|Any CPU
		{3E4B079D-2FEB-4B3A-97F3-36BE4E4BF4AE}.Debug|Any CPU.Build.0 = Debug|Any CPU
		{3E4B079D-2FEB-4B3A-97F3-36BE4E4BF4AE}.Release|Any CPU.ActiveCfg = Release|Any CPU
		{3E4B079D-2FEB-4B3A-97F3-36BE4E4BF4AE}.Release|Any CPU.Build.0 = Release|Any CPU
	EndGlobalSection
	GlobalSection(SolutionProperties) = preSolution
		HideSolutionNode = FALSE
	EndGlobalSection
	GlobalSection(NestedProjects) = preSolution
		{3FCB0012-9D13-4EEE-8045-62ABF39B1CD5} = {8B6F358B-65B0-48F8-B9C6-66B35FD43883}
		{6A97907C-5AD7-439E-81B7-9667FE772AC5} = {8B6F358B-65B0-48F8-B9C6-66B35FD43883}
		{600AC689-FE58-4740-A01A-811DF17481E9} = {8B6F358B-65B0-48F8-B9C6-66B35FD43883}
		{C380C7B4-B314-4A81-B7F4-3B84798557B7} = {751FD6A0-E168-41C3-84E3-0E901343D250}
		{183C1559-AF7E-416A-8136-3104FEC3A067} = {751FD6A0-E168-41C3-84E3-0E901343D250}
		{22185D2F-6AEE-49C1-88CC-1F81638327E5} = {751FD6A0-E168-41C3-84E3-0E901343D250}
		{185786B5-0496-4B77-B62C-115F1EA2D336} = {321CEEE0-4F4D-480C-B36E-911A940A7A03}
		{855C3106-A5F3-48D7-831B-5F8D09FB88A3} = {321CEEE0-4F4D-480C-B36E-911A940A7A03}
		{FE946FF8-0272-4F3E-9683-2E27459289F9} = {321CEEE0-4F4D-480C-B36E-911A940A7A03}
		{C1942900-9385-4168-8C0C-7D22C8236A22} = {57AF2B38-4651-4A9F-A27A-2BCC7FAD12EC}
		{C53A7076-0710-4BCF-8DE2-B445F3235A88} = {57AF2B38-4651-4A9F-A27A-2BCC7FAD12EC}
		{542D891C-ED55-4FE8-A13B-1A7373F83FFF} = {57AF2B38-4651-4A9F-A27A-2BCC7FAD12EC}
		{11BD3B1B-B4F3-4940-8316-DAAB039EA402} = {513328FF-1D4B-4C39-B84A-6320A92C5A53}
		{58F51941-BF72-4A99-998F-8A42F89618D1} = {513328FF-1D4B-4C39-B84A-6320A92C5A53}
		{71C35E09-B2DC-4D0F-9880-BBFD2EDD8709} = {79757988-8875-4E38-B6F3-A0EB01276931}
		{008F89BF-CFA2-44DE-B2E8-D4F83AF0BD8E} = {79757988-8875-4E38-B6F3-A0EB01276931}
		{437182A4-0278-48EC-BBF8-2A7EBE8BC31E} = {70856532-39F2-4D5D-BE66-36AA10C21107}
		{3CBD7B01-F14A-466E-91B8-7BB2E4830A86} = {70856532-39F2-4D5D-BE66-36AA10C21107}
		{9970394B-E916-41AC-8AD3-6B886D35D531} = {5F301FB1-5674-4D35-B12D-046005726079}
		{B432FA20-FD06-4237-BC5D-997EBB20D7EA} = {5F301FB1-5674-4D35-B12D-046005726079}
		{301B8C61-B4F4-4F86-A03A-92359D668812} = {79757988-8875-4E38-B6F3-A0EB01276931}
		{1B639302-445E-4497-9C1A-2F73FA552440} = {70856532-39F2-4D5D-BE66-36AA10C21107}
		{6139B2B5-2A56-4DBE-B334-F17E28C32E07} = {5F301FB1-5674-4D35-B12D-046005726079}
		{3E4B079D-2FEB-4B3A-97F3-36BE4E4BF4AE} = {513328FF-1D4B-4C39-B84A-6320A92C5A53}
	EndGlobalSection
	GlobalSection(ExtensibilityGlobals) = postSolution
		SolutionGuid = {B1501CF1-195A-46F9-8E9D-7F8E114AF1C7}
	EndGlobalSection
EndGlobal
